
Microsoft Visual Studio Solution File, Format Version 12.00
# Visual Studio Version 17
VisualStudioVersion = 17.14.37203.1 d17.14
MinimumVisualStudioVersion = 10.0.40219.1
Project("{FAE04EC0-301F-11D3-BF4B-00C04F79EFBC}") = "WorkForcs8", "WorkForcs8\WorkForcs8.csproj", "{50951BD2-177D-4DAF-8288-80F59FC04359}"
EndProject
Global
	GlobalSection(SolutionConfigurationPlatforms) = preSolution
		Debug|Any CPU = Debug|Any CPU
		Release|Any CPU = Release|Any CPU
	EndGlobalSection
	GlobalSection(ProjectConfigurationPlatforms) = postSolution
		{50951BD2-177D-4DAF-8288-80F59FC04359}.Debug|Any CPU.ActiveCfg = Debug|Any CPU
		{50951BD2-177D-4DAF-8288-80F59FC04359}.Debug|Any CPU.Build.0 = Debug|Any CPU
		{50951BD2-177D-4DAF-8288-80F59FC04359}.Release|Any CPU.ActiveCfg = Release|Any CPU
		{50951BD2-177D-4DAF-8288-80F59FC04359}.Release|Any CPU.Build.0 = Release|Any CPU
	EndGlobalSection
	GlobalSection(SolutionProperties) = preSolution
		HideSolutionNode = FALSE
	EndGlobalSection
	GlobalSection(ExtensibilityGlobals) = postSolution
		SolutionGuid = {5655949A-B979-4C75-AEF2-73532C26AFB1}
	EndGlobalSection
EndGlobal
